
Microsoft Visual Studio Solution File, Format Version 12.00
# Visual Studio Version 17
VisualStudioVersion = 17.11.35327.3
MinimumVisualStudioVersion = 10.0.40219.1
Project("{8BC9CEB8-8B4A-11D0-8D11-00A0C91BC942}") = "lesson01", "lesson\lesson.vcxproj", "{1B483CA3-D0D8-42A4-977B-92F8C38269AD}"
EndProject
Project("{8BC9CEB8-8B4A-11D0-8D11-00A0C91BC942}") = "lesson02", "lesson2\lesson2.vcxproj", "{36E56044-C9FF-4020-8ADD-C0B832FA25BC}"
EndProject
Project("{8BC9CEB8-8B4A-11D0-8D11-00A0C91BC942}") = "lesson03", "lesson03\lesson03.vcxproj", "{8210BAB6-C73D-4D25-A73E-5D4E445DD43A}"
EndProject
Project("{8BC9CEB8-8B4A-11D0-8D11-00A0C91BC942}") = "lesson04", "lesson04\lesson04.vcxproj", "{322E5FDC-A387-4018-AE30-8FD514A3EA45}"
EndProject
Project("{8BC9CEB8-8B4A-11D0-8D11-00A0C91BC942}") = "lesson05", "lesson05\lesson05.vcxproj", "{17343AAB-5147-4A02-93A8-453B0D5F243C}"
EndProject
Project("{8BC9CEB8-8B4A-11D0-8D11-00A0C91BC942}") = "lesson06", "lesson06\lesson06.vcxproj", "{ECD8ADB7-B74B-4743-A855-40E4CD55B2F2}"
EndProject
Project("{8BC9CEB8-8B4A-11D0-8D11-00A0C91BC942}") = "lesson07", "lesson07\lesson07.vcxproj", "{C2864E82-3B8C-4E72-AFEC-C11C1EB52C47}"
EndProject
Project("{8BC9CEB8-8B4A-11D0-8D11-00A0C91BC942}") = "lesson08", "lesson08\lesson08.vcxproj", "{353AFF91-5EB5-44A3-A6E4-9498738CF369}"
EndProject
Project("{8BC9CEB8-8B4A-11D0-8D11-00A0C91BC942}") = "lesson09", "lesson09\lesson09.vcxproj", "{1F68163E-261F-4C6D-BBA2-CB0EE62E8A67}"
EndProject
Project("{8BC9CEB8-8B4A-11D0-8D11-00A0C91BC942}") = "lesson10", "lesson10\lesson10.vcxproj", "{8CC34EA0-2C14-4057-9527-19C36B631483}"
EndProject
Project("{8BC9CEB8-8B4A-11D0-8D11-00A0C91BC942}") = "lesson11", "lesson11\lesson11.vcxproj", "{1DD4E8C1-958D-4AE6-A98A-1E5FA44CF499}"
EndProject
Project("{8BC9CEB8-8B4A-11D0-8D11-00A0C91BC942}") = "lesson12", "lesson12\lesson12.vcxproj", "{3940C277-3867-4C46-98B0-954767090E5A}"
EndProject
Project("{8BC9CEB8-8B4A-11D0-8D11-00A0C91BC942}") = "lesson13", "lesson13\lesson13.vcxproj", "{2B92C8C0-9544-42CD-A5AA-3FBC6AEB0199}"
EndProject
Project("{8BC9CEB8-8B4A-11D0-8D11-00A0C91BC942}") = "Lesson14", "Lesson14\Lesson14.vcxproj", "{74305379-424A-479F-B422-21329D9C9145}"
EndProject
Project("{8BC9CEB8-8B4A-11D0-8D11-00A0C91BC942}") = "intro15", "intro15\intro15.vcxproj", "{1733A9CE-47F5-40F1-8DE0-F4261102E7C6}"
EndProject
Global
	GlobalSection(SolutionConfigurationPlatforms) = preSolution
		Debug|x64 = Debug|x64
		Debug|x86 = Debug|x86
		Release|x64 = Release|x64
		Release|x86 = Release|x86
	EndGlobalSection
	GlobalSection(ProjectConfigurationPlatforms) = postSolution
		{1B483CA3-D0D8-42A4-977B-92F8C38269AD}.Debug|x64.ActiveCfg = Debug|x64
		{1B483CA3-D0D8-42A4-977B-92F8C38269AD}.Debug|x64.Build.0 = Debug|x64
		{1B483CA3-D0D8-42A4-977B-92F8C38269AD}.Debug|x86.ActiveCfg = Debug|Win32
		{1B483CA3-D0D8-42A4-977B-92F8C38269AD}.Debug|x86.Build.0 = Debug|Win32
		{1B483CA3-D0D8-42A4-977B-92F8C38269AD}.Release|x64.ActiveCfg = Release|x64
		{1B483CA3-D0D8-42A4-977B-92F8C38269AD}.Release|x64.Build.0 = Release|x64
		{1B483CA3-D0D8-42A4-977B-92F8C38269AD}.Release|x86.ActiveCfg = Release|Win32
		{1B483CA3-D0D8-42A4-977B-92F8C38269AD}.Release|x86.Build.0 = Release|Win32
		{36E56044-C9FF-4020-8ADD-C0B832FA25BC}.Debug|x64.ActiveCfg = Debug|x64
		{36E56044-C9FF-4020-8ADD-C0B832FA25BC}.Debug|x64.Build.0 = Debug|x64
		{36E56044-C9FF-4020-8ADD-C0B832FA25BC}.Debug|x86.ActiveCfg = Debug|Win32
		{36E56044-C9FF-4020-8ADD-C0B832FA25BC}.Debug|x86.Build.0 = Debug|Win32
		{36E56044-C9FF-4020-8ADD-C0B832FA25BC}.Release|x64.ActiveCfg = Release|x64
		{36E56044-C9FF-4020-8ADD-C0B832FA25BC}.Release|x64.Build.0 = Release|x64
		{36E56044-C9FF-4020-8ADD-C0B832FA25BC}.Release|x86.ActiveCfg = Release|Win32
		{36E56044-C9FF-4020-8ADD-C0B832FA25BC}.Release|x86.Build.0 = Release|Win32
		{8210BAB6-C73D-4D25-A73E-5D4E445DD43A}.Debug|x64.ActiveCfg = Debug|x64
		{8210BAB6-C73D-4D25-A73E-5D4E445DD43A}.Debug|x64.Build.0 = Debug|x64
		{8210BAB6-C73D-4D25-A73E-5D4E445DD43A}.Debug|x86.ActiveCfg = Debug|Win32
		{8210BAB6-C73D-4D25-A73E-5D4E445DD43A}.Debug|x86.Build.0 = Debug|Win32
		{8210BAB6-C73D-4D25-A73E-5D4E445DD43A}.Release|x64.ActiveCfg = Release|x64
		{8210BAB6-C73D-4D25-A73E-5D4E445DD43A}.Release|x64.Build.0 = Release|x64
		{8210BAB6-C73D-4D25-A73E-5D4E445DD43A}.Release|x86.ActiveCfg = Release|Win32
		{8210BAB6-C73D-4D25-A73E-5D4E445DD43A}.Release|x86.Build.0 = Release|Win32
		{322E5FDC-A387-4018-AE30-8FD514A3EA45}.Debug|x64.ActiveCfg = Debug|x64
		{322E5FDC-A387-4018-AE30-8FD514A3EA45}.Debug|x64.Build.0 = Debug|x64
		{322E5FDC-A387-4018-AE30-8FD514A3EA45}.Debug|x86.ActiveCfg = Debug|Win32
		{322E5FDC-A387-4018-AE30-8FD514A3EA45}.Debug|x86.Build.0 = Debug|Win32
		{322E5FDC-A387-4018-AE30-8FD514A3EA45}.Release|x64.ActiveCfg = Release|x64
		{322E5FDC-A387-4018-AE30-8FD514A3EA45}.Release|x64.Build.0 = Release|x64
		{322E5FDC-A387-4018-AE30-8FD514A3EA45}.Release|x86.ActiveCfg = Release|Win32
		{322E5FDC-A387-4018-AE30-8FD514A3EA45}.Release|x86.Build.0 = Release|Win32
		{17343AAB-5147-4A02-93A8-453B0D5F243C}.Debug|x64.ActiveCfg = Debug|x64
		{17343AAB-5147-4A02-93A8-453B0D5F243C}.Debug|x64.Build.0 = Debug|x64
		{17343AAB-5147-4A02-93A8-453B0D5F243C}.Debug|x86.ActiveCfg = Debug|Win32
		{17343AAB-5147-4A02-93A8-453B0D5F243C}.Debug|x86.Build.0 = Debug|Win32
		{17343AAB-5147-4A02-93A8-453B0D5F243C}.Release|x64.ActiveCfg = Release|x64
		{17343AAB-5147-4A02-93A8-453B0D5F243C}.Release|x64.Build.0 = Release|x64
		{17343AAB-5147-4A02-93A8-453B0D5F243C}.Release|x86.ActiveCfg = Release|Win32
		{17343AAB-5147-4A02-93A8-453B0D5F243C}.Release|x86.Build.0 = Release|Win32
		{ECD8ADB7-B74B-4743-A855-40E4CD55B2F2}.Debug|x64.ActiveCfg = Debug|x64
		{ECD8ADB7-B74B-4743-A855-40E4CD55B2F2}.Debug|x64.Build.0 = Debug|x64
		{ECD8ADB7-B74B-4743-A855-40E4CD55B2F2}.Debug|x86.ActiveCfg = Debug|Win32
		{ECD8ADB7-B74B-4743-A855-40E4CD55B2F2}.Debug|x86.Build.0 = Debug|Win32
		{ECD8ADB7-B74B-4743-A855-40E4CD55B2F2}.Release|x64.ActiveCfg = Release|x64
		{ECD8ADB7-B74B-4743-A855-40E4CD55B2F2}.Release|x64.Build.0 = Release|x64
		{ECD8ADB7-B74B-4743-A855-40E4CD55B2F2}.Release|x86.ActiveCfg = Release|Win32
		{ECD8ADB7-B74B-4743-A855-40E4CD55B2F2}.Release|x86.Build.0 = Release|Win32
		{C2864E82-3B8C-4E72-AFEC-C11C1EB52C47}.Debug|x64.ActiveCfg = Debug|x64
		{C2864E82-3B8C-4E72-AFEC-C11C1EB52C47}.Debug|x64.Build.0 = Debug|x64
		{C2864E82-3B8C-4E72-AFEC-C11C1EB52C47}.Debug|x86.ActiveCfg = Debug|Win32
		{C2864E82-3B8C-4E72-AFEC-C11C1EB52C47}.Debug|x86.Build.0 = Debug|Win32
		{C2864E82-3B8C-4E72-AFEC-C11C1EB52C47}.Release|x64.ActiveCfg = Release|x64
		{C2864E82-3B8C-4E72-AFEC-C11C1EB52C47}.Release|x64.Build.0 = Release|x64
		{C2864E82-3B8C-4E72-AFEC-C11C1EB52C47}.Release|x86.ActiveCfg = Release|Win32
		{C2864E82-3B8C-4E72-AFEC-C11C1EB52C47}.Release|x86.Build.0 = Release|Win32
		{353AFF91-5EB5-44A3-A6E4-9498738CF369}.Debug|x64.ActiveCfg = Debug|x64
		{353AFF91-5EB5-44A3-A6E4-9498738CF369}.Debug|x64.Build.0 = Debug|x64
		{353AFF91-5EB5-44A3-A6E4-9498738CF369}.Debug|x86.ActiveCfg = Debug|Win32
		{353AFF91-5EB5-44A3-A6E4-9498738CF369}.Debug|x86.Build.0 = Debug|Win32
		{353AFF91-5EB5-44A3-A6E4-9498738CF369}.Release|x64.ActiveCfg = Release|x64
		{353AFF91-5EB5-44A3-A6E4-9498738CF369}.Release|x64.Build.0 = Release|x64
		{353AFF91-5EB5-44A3-A6E4-9498738CF369}.Release|x86.ActiveCfg = Release|Win32
		{353AFF91-5EB5-44A3-A6E4-9498738CF369}.Release|x86.Build.0 = Release|Win32
		{1F68163E-261F-4C6D-BBA2-CB0EE62E8A67}.Debug|x64.ActiveCfg = Debug|x64
		{1F68163E-261F-4C6D-BBA2-CB0EE62E8A67}.Debug|x64.Build.0 = Debug|x64
		{1F68163E-261F-4C6D-BBA2-CB0EE62E8A67}.Debug|x86.ActiveCfg = Debug|Win32
		{1F68163E-261F-4C6D-BBA2-CB0EE62E8A67}.Debug|x86.Build.0 = Debug|Win32
		{1F68163E-261F-4C6D-BBA2-CB0EE62E8A67}.Release|x64.ActiveCfg = Release|x64
		{1F68163E-261F-4C6D-BBA2-CB0EE62E8A67}.Release|x64.Build.0 = Release|x64
		{1F68163E-261F-4C6D-BBA2-CB0EE62E8A67}.Release|x86.ActiveCfg = Release|Win32
		{1F68163E-261F-4C6D-BBA2-CB0EE62E8A67}.Release|x86.Build.0 = Release|Win32
		{8CC34EA0-2C14-4057-9527-19C36B631483}.Debug|x64.ActiveCfg = Debug|x64
		{8CC34EA0-2C14-4057-9527-19C36B631483}.Debug|x64.Build.0 = Debug|x64
		{8CC34EA0-2C14-4057-9527-19C36B631483}.Debug|x86.ActiveCfg = Debug|Win32
		{8CC34EA0-2C14-4057-9527-19C36B631483}.Debug|x86.Build.0 = Debug|Win32
		{8CC34EA0-2C14-4057-9527-19C36B631483}.Release|x64.ActiveCfg = Release|x64
		{8CC34EA0-2C14-4057-9527-19C36B631483}.Release|x64.Build.0 = Release|x64
		{8CC34EA0-2C14-4057-9527-19C36B631483}.Release|x86.ActiveCfg = Release|Win32
		{8CC34EA0-2C14-4057-9527-19C36B631483}.Release|x86.Build.0 = Release|Win32
		{1DD4E8C1-958D-4AE6-A98A-1E5FA44CF499}.Debug|x64.ActiveCfg = Debug|x64
		{1DD4E8C1-958D-4AE6-A98A-1E5FA44CF499}.Debug|x64.Build.0 = Debug|x64
		{1DD4E8C1-958D-4AE6-A98A-1E5FA44CF499}.Debug|x86.ActiveCfg = Debug|Win32
		{1DD4E8C1-958D-4AE6-A98A-1E5FA44CF499}.Debug|x86.Build.0 = Debug|Win32
		{1DD4E8C1-958D-4AE6-A98A-1E5FA44CF499}.Release|x64.ActiveCfg = Release|x64
		{1DD4E8C1-958D-4AE6-A98A-1E5FA44CF499}.Release|x64.Build.0 = Release|x64
		{1DD4E8C1-958D-4AE6-A98A-1E5FA44CF499}.Release|x86.ActiveCfg = Release|Win32
		{1DD4E8C1-958D-4AE6-A98A-1E5FA44CF499}.Release|x86.Build.0 = Release|Win32
		{3940C277-3867-4C46-98B0-954767090E5A}.Debug|x64.ActiveCfg = Debug|x64
		{3940C277-3867-4C46-98B0-954767090E5A}.Debug|x64.Build.0 = Debug|x64
		{3940C277-3867-4C46-98B0-954767090E5A}.Debug|x86.ActiveCfg = Debug|Win32
		{3940C277-3867-4C46-98B0-954767090E5A}.Debug|x86.Build.0 = Debug|Win32
		{3940C277-3867-4C46-98B0-954767090E5A}.Release|x64.ActiveCfg = Release|x64
		{3940C277-3867-4C46-98B0-954767090E5A}.Release|x64.Build.0 = Release|x64
		{3940C277-3867-4C46-98B0-954767090E5A}.Release|x86.ActiveCfg = Release|Win32
		{3940C277-3867-4C46-98B0-954767090E5A}.Release|x86.Build.0 = Release|Win32
		{2B92C8C0-9544-42CD-A5AA-3FBC6AEB0199}.Debug|x64.ActiveCfg = Debug|x64
		{2B92C8C0-9544-42CD-A5AA-3FBC6AEB0199}.Debug|x64.Build.0 = Debug|x64
		{2B92C8C0-9544-42CD-A5AA-3FBC6AEB0199}.Debug|x86.ActiveCfg = Debug|Win32
		{2B92C8C0-9544-42CD-A5AA-3FBC6AEB0199}.Debug|x86.Build.0 = Debug|Win32
		{2B92C8C0-9544-42CD-A5AA-3FBC6AEB0199}.Release|x64.ActiveCfg = Release|x64
		{2B92C8C0-9544-42CD-A5AA-3FBC6AEB0199}.Release|x64.Build.0 = Release|x64
		{2B92C8C0-9544-42CD-A5AA-3FBC6AEB0199}.Release|x86.ActiveCfg = Release|Win32
		{2B92C8C0-9544-42CD-A5AA-3FBC6AEB0199}.Release|x86.Build.0 = Release|Win32
		{74305379-424A-479F-B422-21329D9C9145}.Debug|x64.ActiveCfg = Debug|x64
		{74305379-424A-479F-B422-21329D9C9145}.Debug|x64.Build.0 = Debug|x64
		{74305379-424A-479F-B422-21329D9C9145}.Debug|x86.ActiveCfg = Debug|Win32
		{74305379-424A-479F-B422-21329D9C9145}.Debug|x86.Build.0 = Debug|Win32
		{74305379-424A-479F-B422-21329D9C9145}.Release|x64.ActiveCfg = Release|x64
		{74305379-424A-479F-B422-21329D9C9145}.Release|x64.Build.0 = Release|x64
		{74305379-424A-479F-B422-21329D9C9145}.Release|x86.ActiveCfg = Release|Win32
		{74305379-424A-479F-B422-21329D9C9145}.Release|x86.Build.0 = Release|Win32
		{1733A9CE-47F5-40F1-8DE0-F4261102E7C6}.Debug|x64.ActiveCfg = Debug|x64
		{1733A9CE-47F5-40F1-8DE0-F4261102E7C6}.Debug|x64.Build.0 = Debug|x64
		{1733A9CE-47F5-40F1-8DE0-F4261102E7C6}.Debug|x86.ActiveCfg = Debug|Win32
		{1733A9CE-47F5-40F1-8DE0-F4261102E7C6}.Debug|x86.Build.0 = Debug|Win32
		{1733A9CE-47F5-40F1-8DE0-F4261102E7C6}.Release|x64.ActiveCfg = Release|x64
		{1733A9CE-47F5-40F1-8DE0-F4261102E7C6}.Release|x64.Build.0 = Release|x64
		{1733A9CE-47F5-40F1-8DE0-F4261102E7C6}.Release|x86.ActiveCfg = Release|Win32
		{1733A9CE-47F5-40F1-8DE0-F4261102E7C6}.Release|x86.Build.0 = Release|Win32
	EndGlobalSection
	GlobalSection(SolutionProperties) = preSolution
		HideSolutionNode = FALSE
	EndGlobalSection
	GlobalSection(ExtensibilityGlobals) = postSolution
		SolutionGuid = {BB2EB1FE-EFFA-4A33-BFC3-9537712B978D}
	EndGlobalSection
EndGlobal
